
Microsoft Visual Studio Solution File, Format Version 12.00
# Visual Studio Version 17
VisualStudioVersion = 17.5.002.0
MinimumVisualStudioVersion = 10.0.40219.1
Project("{9A19103F-16F7-4668-BE54-9A1E7A4F7556}") = "RecordTypes", "RecordTypes.csproj", "{00B54845-5747-4D28-BDA3-A5D4C0439E90}"
EndProject
Global
	GlobalSection(SolutionConfigurationPlatforms) = preSolution
		Debug|Any CPU = Debug|Any CPU
		Release|Any CPU = Release|Any CPU
	EndGlobalSection
	GlobalSection(ProjectConfigurationPlatforms) = postSolution
		{00B54845-5747-4D28-BDA3-A5D4C0439E90}.Debug|Any CPU.ActiveCfg = Debug|Any CPU
		{00B54845-5747-4D28-BDA3-A5D4C0439E90}.Debug|Any CPU.Build.0 = Debug|Any CPU
		{00B54845-5747-4D28-BDA3-A5D4C0439E90}.Release|Any CPU.ActiveCfg = Release|Any CPU
		{00B54845-5747-4D28-BDA3-A5D4C0439E90}.Release|Any CPU.Build.0 = Release|Any CPU
	EndGlobalSection
	GlobalSection(SolutionProperties) = preSolution
		HideSolutionNode = FALSE
	EndGlobalSection
	GlobalSection(ExtensibilityGlobals) = postSolution
		SolutionGuid = {8CD72228-9869-4335-AE98-F4638DA386E5}
	EndGlobalSection
EndGlobal
