
Microsoft Visual Studio Solution File, Format Version 12.00
# Visual Studio Version 17
VisualStudioVersion = 17.9.34607.119
MinimumVisualStudioVersion = 10.0.40219.1
Project("{FAE04EC0-301F-11D3-BF4B-00C04F79EFBC}") = "SecureWebAPIUsingAPIKey", "SecureWebAPIUsingAPIKey\SecureWebAPIUsingAPIKey.csproj", "{50B19011-FD9E-4C4F-96D7-406EE5095FC7}"
EndProject
Project("{FAE04EC0-301F-11D3-BF4B-00C04F79EFBC}") = "SecureWebApiUsingApiKey-Middleware", "SecureWebApiUsingApiKey-Middleware\SecureWebApiUsingApiKey-Middleware.csproj", "{48151B3A-EF81-4C08-B14D-0C464B2E949A}"
EndProject
Global
	GlobalSection(SolutionConfigurationPlatforms) = preSolution
		Debug|Any CPU = Debug|Any CPU
		Release|Any CPU = Release|Any CPU
	EndGlobalSection
	GlobalSection(ProjectConfigurationPlatforms) = postSolution
		{50B19011-FD9E-4C4F-96D7-406EE5095FC7}.Debug|Any CPU.ActiveCfg = Debug|Any CPU
		{50B19011-FD9E-4C4F-96D7-406EE5095FC7}.Debug|Any CPU.Build.0 = Debug|Any CPU
		{50B19011-FD9E-4C4F-96D7-406EE5095FC7}.Release|Any CPU.ActiveCfg = Release|Any CPU
		{50B19011-FD9E-4C4F-96D7-406EE5095FC7}.Release|Any CPU.Build.0 = Release|Any CPU
		{48151B3A-EF81-4C08-B14D-0C464B2E949A}.Debug|Any CPU.ActiveCfg = Debug|Any CPU
		{48151B3A-EF81-4C08-B14D-0C464B2E949A}.Debug|Any CPU.Build.0 = Debug|Any CPU
		{48151B3A-EF81-4C08-B14D-0C464B2E949A}.Release|Any CPU.ActiveCfg = Release|Any CPU
		{48151B3A-EF81-4C08-B14D-0C464B2E949A}.Release|Any CPU.Build.0 = Release|Any CPU
	EndGlobalSection
	GlobalSection(SolutionProperties) = preSolution
		HideSolutionNode = FALSE
	EndGlobalSection
	GlobalSection(ExtensibilityGlobals) = postSolution
		SolutionGuid = {CF83AF09-F915-4E27-93C8-02896558A421}
	EndGlobalSection
EndGlobal
