
Microsoft Visual Studio Solution File, Format Version 12.00
# Visual Studio Version 17
VisualStudioVersion = 17.9.34607.119
MinimumVisualStudioVersion = 10.0.40219.1
Project("{FAE04EC0-301F-11D3-BF4B-00C04F79EFBC}") = "Product.API", "Product.API\Product.API.csproj", "{F200FC37-12D2-4256-8237-463C265DE2CE}"
EndProject
Project("{FAE04EC0-301F-11D3-BF4B-00C04F79EFBC}") = "Identity.API", "Identity.API\Identity.API.csproj", "{14784982-EF00-4156-ABEA-47B49AB0A469}"
EndProject
Global
	GlobalSection(SolutionConfigurationPlatforms) = preSolution
		Debug|Any CPU = Debug|Any CPU
		Release|Any CPU = Release|Any CPU
	EndGlobalSection
	GlobalSection(ProjectConfigurationPlatforms) = postSolution
		{F200FC37-12D2-4256-8237-463C265DE2CE}.Debug|Any CPU.ActiveCfg = Debug|Any CPU
		{F200FC37-12D2-4256-8237-463C265DE2CE}.Debug|Any CPU.Build.0 = Debug|Any CPU
		{F200FC37-12D2-4256-8237-463C265DE2CE}.Release|Any CPU.ActiveCfg = Release|Any CPU
		{F200FC37-12D2-4256-8237-463C265DE2CE}.Release|Any CPU.Build.0 = Release|Any CPU
		{14784982-EF00-4156-ABEA-47B49AB0A469}.Debug|Any CPU.ActiveCfg = Debug|Any CPU
		{14784982-EF00-4156-ABEA-47B49AB0A469}.Debug|Any CPU.Build.0 = Debug|Any CPU
		{14784982-EF00-4156-ABEA-47B49AB0A469}.Release|Any CPU.ActiveCfg = Release|Any CPU
		{14784982-EF00-4156-ABEA-47B49AB0A469}.Release|Any CPU.Build.0 = Release|Any CPU
	EndGlobalSection
	GlobalSection(SolutionProperties) = preSolution
		HideSolutionNode = FALSE
	EndGlobalSection
	GlobalSection(ExtensibilityGlobals) = postSolution
		SolutionGuid = {B353DD7A-6281-4E0F-8376-42A71ED39785}
	EndGlobalSection
EndGlobal
